
Microsoft Visual Studio Solution File, Format Version 12.00
# Visual Studio Version 16
VisualStudioVersion = 16.0.31624.102
MinimumVisualStudioVersion = 10.0.40219.1
Project("{8BC9CEB8-8B4A-11D0-8D11-00A0C91BC942}") = "game", "game.vcxproj", "{D3B71637-27AF-42E6-8FF6-78EB0CF1FACB}"
EndProject
Global
	GlobalSection(SolutionConfigurationPlatforms) = preSolution
		Debug|x64 = Debug|x64
		Debug|x86 = Debug|x86
		Release|x64 = Release|x64
		Release|x86 = Release|x86
	EndGlobalSection
	GlobalSection(ProjectConfigurationPlatforms) = postSolution
		{D3B71637-27AF-42E6-8FF6-78EB0CF1FACB}.Debug|x64.ActiveCfg = Debug|x64
		{D3B71637-27AF-42E6-8FF6-78EB0CF1FACB}.Debug|x64.Build.0 = Debug|x64
		{D3B71637-27AF-42E6-8FF6-78EB0CF1FACB}.Debug|x86.ActiveCfg = Debug|Win32
		{D3B71637-27AF-42E6-8FF6-78EB0CF1FACB}.Debug|x86.Build.0 = Debug|Win32
		{D3B71637-27AF-42E6-8FF6-78EB0CF1FACB}.Release|x64.ActiveCfg = Release|x64
		{D3B71637-27AF-42E6-8FF6-78EB0CF1FACB}.Release|x64.Build.0 = Release|x64
		{D3B71637-27AF-42E6-8FF6-78EB0CF1FACB}.Release|x86.ActiveCfg = Release|Win32
		{D3B71637-27AF-42E6-8FF6-78EB0CF1FACB}.Release|x86.Build.0 = Release|Win32
	EndGlobalSection
	GlobalSection(SolutionProperties) = preSolution
		HideSolutionNode = FALSE
	EndGlobalSection
	GlobalSection(ExtensibilityGlobals) = postSolution
		SolutionGuid = {B143BCC4-89E6-4F98-B3D0-0CDDBAAF65CF}
	EndGlobalSection
EndGlobal
